version: "1.0"
directives:
  core-simplicity-over-cleverness-01:
    quality_signal:
      overall:
        followed: 0
        ignored: 0
        partial: 0
        unverified: 2
        follow_rate: 0
        coverage_rate: 0
        trend: stable
        recent_verdicts: []
      by_task_type:
        migration:
          followed: 0
          ignored: 0
          partial: 0
          unverified: 2
      by_task_profile:
        migration|high|cross-cutting|breaking-allowed:
          followed: 0
          ignored: 0
          partial: 0
          unverified: 2
      ignored_reasons: {}
      signal_confidence: explicit
      last_seen: 2026-07-13
      last_evaluation_source: adherence-evidence
    governance:
      outcomes:
        total_tasks: 2
        with_tensions: 0
        last_execution_modes: &a1
          enforce: 5
          deviation-noted: 0
          ambient: 15
          suppress: 0
        last_tension_count: 0
        last_updated_at: 2026-07-13T18:50:38.275Z
  core-clarity-and-legibility-01:
    quality_signal:
      overall:
        followed: 0
        ignored: 0
        partial: 0
        unverified: 2
        follow_rate: 0
        coverage_rate: 0
        trend: stable
        recent_verdicts: []
      by_task_type:
        migration:
          followed: 0
          ignored: 0
          partial: 0
          unverified: 2
      by_task_profile:
        migration|high|cross-cutting|breaking-allowed:
          followed: 0
          ignored: 0
          partial: 0
          unverified: 2
      ignored_reasons: {}
      signal_confidence: explicit
      last_seen: 2026-07-13
      last_evaluation_source: adherence-evidence
    governance:
      outcomes:
        total_tasks: 2
        with_tensions: 0
        last_execution_modes: *a1
        last_tension_count: 0
        last_updated_at: 2026-07-13T18:50:38.275Z
  core-comments-only-when-they-carry-meaning-01:
    quality_signal:
      overall:
        followed: 0
        ignored: 0
        partial: 0
        unverified: 2
        follow_rate: 0
        coverage_rate: 0
        trend: stable
        recent_verdicts: []
      by_task_type:
        migration:
          followed: 0
          ignored: 0
          partial: 0
          unverified: 2
      by_task_profile:
        migration|high|cross-cutting|breaking-allowed:
          followed: 0
          ignored: 0
          partial: 0
          unverified: 2
      ignored_reasons: {}
      signal_confidence: explicit
      last_seen: 2026-07-13
      last_evaluation_source: adherence-evidence
    governance:
      outcomes:
        total_tasks: 2
        with_tensions: 0
        last_execution_modes: *a1
        last_tension_count: 0
        last_updated_at: 2026-07-13T18:50:38.275Z
  core-preserve-local-consistency-01:
    quality_signal:
      overall:
        followed: 0
        ignored: 0
        partial: 0
        unverified: 2
        follow_rate: 0
        coverage_rate: 0
        trend: stable
        recent_verdicts: []
      by_task_type:
        migration:
          followed: 0
          ignored: 0
          partial: 0
          unverified: 2
      by_task_profile:
        migration|high|cross-cutting|breaking-allowed:
          followed: 0
          ignored: 0
          partial: 0
          unverified: 2
      ignored_reasons: {}
      signal_confidence: explicit
      last_seen: 2026-07-13
      last_evaluation_source: adherence-evidence
    governance:
      outcomes:
        total_tasks: 2
        with_tensions: 0
        last_execution_modes: *a1
        last_tension_count: 0
        last_updated_at: 2026-07-13T18:50:38.275Z
  core-smallest-reasonable-change-01:
    quality_signal:
      overall:
        followed: 0
        ignored: 0
        partial: 0
        unverified: 2
        follow_rate: 0
        coverage_rate: 0
        trend: stable
        recent_verdicts: []
      by_task_type:
        migration:
          followed: 0
          ignored: 0
          partial: 0
          unverified: 2
      by_task_profile:
        migration|high|cross-cutting|breaking-allowed:
          followed: 0
          ignored: 0
          partial: 0
          unverified: 2
      ignored_reasons: {}
      signal_confidence: explicit
      last_seen: 2026-07-13
      last_evaluation_source: adherence-evidence
    governance:
      outcomes:
        total_tasks: 2
        with_tensions: 0
        last_execution_modes: *a1
        last_tension_count: 0
        last_updated_at: 2026-07-13T18:50:38.275Z
  core-clear-boundaries-and-responsibilities-01:
    quality_signal:
      overall:
        followed: 0
        ignored: 0
        partial: 0
        unverified: 2
        follow_rate: 0
        coverage_rate: 0
        trend: stable
        recent_verdicts: []
      by_task_type:
        migration:
          followed: 0
          ignored: 0
          partial: 0
          unverified: 2
      by_task_profile:
        migration|high|cross-cutting|breaking-allowed:
          followed: 0
          ignored: 0
          partial: 0
          unverified: 2
      ignored_reasons: {}
      signal_confidence: explicit
      last_seen: 2026-07-13
      last_evaluation_source: adherence-evidence
    governance:
      outcomes:
        total_tasks: 2
        with_tensions: 0
        last_execution_modes: *a1
        last_tension_count: 0
        last_updated_at: 2026-07-13T18:50:38.275Z
  core-abstraction-follows-real-pressure-01:
    quality_signal:
      overall:
        followed: 0
        ignored: 0
        partial: 0
        unverified: 2
        follow_rate: 0
        coverage_rate: 0
        trend: stable
        recent_verdicts: []
      by_task_type:
        migration:
          followed: 0
          ignored: 0
          partial: 0
          unverified: 2
      by_task_profile:
        migration|high|cross-cutting|breaking-allowed:
          followed: 0
          ignored: 0
          partial: 0
          unverified: 2
      ignored_reasons: {}
      signal_confidence: explicit
      last_seen: 2026-07-13
      last_evaluation_source: adherence-evidence
    governance:
      outcomes:
        total_tasks: 2
        with_tensions: 0
        last_execution_modes: *a1
        last_tension_count: 0
        last_updated_at: 2026-07-13T18:50:38.275Z
  core-correctness-before-optimization-01:
    quality_signal:
      overall:
        followed: 2
        ignored: 0
        partial: 0
        unverified: 0
        follow_rate: 1
        coverage_rate: 1
        trend: stable
        recent_verdicts:
          - followed
          - followed
      by_task_type:
        migration:
          followed: 2
          ignored: 0
          partial: 0
          unverified: 0
      by_task_profile:
        migration|high|cross-cutting|breaking-allowed:
          followed: 2
          ignored: 0
          partial: 0
          unverified: 0
      ignored_reasons: {}
      signal_confidence: explicit
      last_seen: 2026-07-13
      evidence_confidence: 0.95
      last_evaluation_source: adherence-evidence
    governance:
      outcomes:
        total_tasks: 2
        with_tensions: 0
        last_execution_modes: *a1
        last_tension_count: 0
        last_updated_at: 2026-07-13T18:50:38.275Z
  core-handle-failures-and-edge-cases-carefully-01:
    quality_signal:
      overall:
        followed: 2
        ignored: 0
        partial: 0
        unverified: 0
        follow_rate: 1
        coverage_rate: 1
        trend: stable
        recent_verdicts:
          - followed
          - followed
      by_task_type:
        migration:
          followed: 2
          ignored: 0
          partial: 0
          unverified: 0
      by_task_profile:
        migration|high|cross-cutting|breaking-allowed:
          followed: 2
          ignored: 0
          partial: 0
          unverified: 0
      ignored_reasons: {}
      signal_confidence: explicit
      last_seen: 2026-07-13
      evidence_confidence: 0.98
      last_evaluation_source: adherence-evidence
    governance:
      outcomes:
        total_tasks: 2
        with_tensions: 0
        last_execution_modes: *a1
        last_tension_count: 0
        last_updated_at: 2026-07-13T18:50:38.275Z
  core-apply-judgment-not-checklist-compliance-01:
    quality_signal:
      overall:
        followed: 0
        ignored: 0
        partial: 0
        unverified: 2
        follow_rate: 0
        coverage_rate: 0
        trend: stable
        recent_verdicts: []
      by_task_type:
        migration:
          followed: 0
          ignored: 0
          partial: 0
          unverified: 2
      by_task_profile:
        migration|high|cross-cutting|breaking-allowed:
          followed: 0
          ignored: 0
          partial: 0
          unverified: 2
      ignored_reasons: {}
      signal_confidence: explicit
      last_seen: 2026-07-13
      last_evaluation_source: adherence-evidence
    governance:
      outcomes:
        total_tasks: 2
        with_tensions: 0
        last_execution_modes: *a1
        last_tension_count: 0
        last_updated_at: 2026-07-13T18:50:38.275Z
  core-solution-ordering-preference-01:
    quality_signal:
      overall:
        followed: 0
        ignored: 0
        partial: 0
        unverified: 2
        follow_rate: 0
        coverage_rate: 0
        trend: stable
        recent_verdicts: []
      by_task_type:
        migration:
          followed: 0
          ignored: 0
          partial: 0
          unverified: 2
      by_task_profile:
        migration|high|cross-cutting|breaking-allowed:
          followed: 0
          ignored: 0
          partial: 0
          unverified: 2
      ignored_reasons: {}
      signal_confidence: explicit
      last_seen: 2026-07-13
      last_evaluation_source: adherence-evidence
    governance:
      outcomes:
        total_tasks: 2
        with_tensions: 0
        last_execution_modes: *a1
        last_tension_count: 0
        last_updated_at: 2026-07-13T18:50:38.275Z
  ts-use-types-to-clarify-intent-01:
    quality_signal:
      overall:
        followed: 0
        ignored: 0
        partial: 0
        unverified: 1
        follow_rate: 0
        coverage_rate: 0
        trend: stable
        recent_verdicts: []
      by_task_type:
        migration:
          followed: 0
          ignored: 0
          partial: 0
          unverified: 1
      by_task_profile:
        migration|high|cross-cutting|breaking-allowed:
          followed: 0
          ignored: 0
          partial: 0
          unverified: 1
      ignored_reasons: {}
      signal_confidence: explicit
      last_seen: 2026-07-13
      last_evaluation_source: adherence-evidence
    governance:
      outcomes:
        total_tasks: 1
        with_tensions: 0
        last_execution_modes: &a2
          enforce: 8
          deviation-noted: 0
          ambient: 18
          suppress: 0
        last_tension_count: 0
        last_updated_at: 2026-07-13T17:37:58.378Z
  ts-explicit-public-interfaces-01:
    quality_signal:
      overall:
        followed: 1
        ignored: 0
        partial: 0
        unverified: 0
        follow_rate: 1
        coverage_rate: 1
        trend: stable
        recent_verdicts:
          - followed
      by_task_type:
        migration:
          followed: 1
          ignored: 0
          partial: 0
          unverified: 0
      by_task_profile:
        migration|high|cross-cutting|breaking-allowed:
          followed: 1
          ignored: 0
          partial: 0
          unverified: 0
      ignored_reasons: {}
      signal_confidence: explicit
      last_seen: 2026-07-13
      evidence_confidence: 0.98
      last_evaluation_source: adherence-evidence
    governance:
      outcomes:
        total_tasks: 1
        with_tensions: 0
        last_execution_modes: *a2
        last_tension_count: 0
        last_updated_at: 2026-07-13T17:37:58.378Z
  ts-honest-and-precise-types-01:
    quality_signal:
      overall:
        followed: 1
        ignored: 0
        partial: 0
        unverified: 0
        follow_rate: 1
        coverage_rate: 1
        trend: stable
        recent_verdicts:
          - followed
      by_task_type:
        migration:
          followed: 1
          ignored: 0
          partial: 0
          unverified: 0
      by_task_profile:
        migration|high|cross-cutting|breaking-allowed:
          followed: 1
          ignored: 0
          partial: 0
          unverified: 0
      ignored_reasons: {}
      signal_confidence: explicit
      last_seen: 2026-07-13
      evidence_confidence: 0.9
      last_evaluation_source: adherence-evidence
    governance:
      outcomes:
        total_tasks: 1
        with_tensions: 0
        last_execution_modes: *a2
        last_tension_count: 0
        last_updated_at: 2026-07-13T17:37:58.378Z
  ts-simple-type-modeling-01:
    quality_signal:
      overall:
        followed: 0
        ignored: 0
        partial: 0
        unverified: 1
        follow_rate: 0
        coverage_rate: 0
        trend: stable
        recent_verdicts: []
      by_task_type:
        migration:
          followed: 0
          ignored: 0
          partial: 0
          unverified: 1
      by_task_profile:
        migration|high|cross-cutting|breaking-allowed:
          followed: 0
          ignored: 0
          partial: 0
          unverified: 1
      ignored_reasons: {}
      signal_confidence: explicit
      last_seen: 2026-07-13
      last_evaluation_source: adherence-evidence
    governance:
      outcomes:
        total_tasks: 1
        with_tensions: 0
        last_execution_modes: *a2
        last_tension_count: 0
        last_updated_at: 2026-07-13T17:37:58.378Z
  ts-respect-runtime-boundaries-01:
    quality_signal:
      overall:
        followed: 1
        ignored: 0
        partial: 0
        unverified: 0
        follow_rate: 1
        coverage_rate: 1
        trend: stable
        recent_verdicts:
          - followed
      by_task_type:
        migration:
          followed: 1
          ignored: 0
          partial: 0
          unverified: 0
      by_task_profile:
        migration|high|cross-cutting|breaking-allowed:
          followed: 1
          ignored: 0
          partial: 0
          unverified: 0
      ignored_reasons: {}
      signal_confidence: explicit
      last_seen: 2026-07-13
      evidence_confidence: 0.98
      last_evaluation_source: adherence-evidence
    governance:
      outcomes:
        total_tasks: 1
        with_tensions: 0
        last_execution_modes: *a2
        last_tension_count: 0
        last_updated_at: 2026-07-13T17:37:58.378Z
  ts-conventional-maintainable-style-01:
    quality_signal:
      overall:
        followed: 0
        ignored: 0
        partial: 0
        unverified: 1
        follow_rate: 0
        coverage_rate: 0
        trend: stable
        recent_verdicts: []
      by_task_type:
        migration:
          followed: 0
          ignored: 0
          partial: 0
          unverified: 1
      by_task_profile:
        migration|high|cross-cutting|breaking-allowed:
          followed: 0
          ignored: 0
          partial: 0
          unverified: 1
      ignored_reasons: {}
      signal_confidence: explicit
      last_seen: 2026-07-13
      last_evaluation_source: adherence-evidence
    governance:
      outcomes:
        total_tasks: 1
        with_tensions: 0
        last_execution_modes: *a2
        last_tension_count: 0
        last_updated_at: 2026-07-13T17:37:58.378Z
  migration-optimize-for-safe-transition-01:
    quality_signal:
      overall:
        followed: 2
        ignored: 0
        partial: 0
        unverified: 0
        follow_rate: 1
        coverage_rate: 1
        trend: stable
        recent_verdicts:
          - followed
          - followed
      by_task_type:
        migration:
          followed: 2
          ignored: 0
          partial: 0
          unverified: 0
      by_task_profile:
        migration|high|cross-cutting|breaking-allowed:
          followed: 2
          ignored: 0
          partial: 0
          unverified: 0
      ignored_reasons: {}
      signal_confidence: explicit
      last_seen: 2026-07-13
      evidence_confidence: 0.95
      last_evaluation_source: adherence-evidence
    governance:
      outcomes:
        total_tasks: 2
        with_tensions: 0
        last_execution_modes: *a1
        last_tension_count: 0
        last_updated_at: 2026-07-13T18:50:38.275Z
  migration-explicit-source-and-target-01:
    quality_signal:
      overall:
        followed: 2
        ignored: 0
        partial: 0
        unverified: 0
        follow_rate: 1
        coverage_rate: 1
        trend: stable
        recent_verdicts:
          - followed
          - followed
      by_task_type:
        migration:
          followed: 2
          ignored: 0
          partial: 0
          unverified: 0
      by_task_profile:
        migration|high|cross-cutting|breaking-allowed:
          followed: 2
          ignored: 0
          partial: 0
          unverified: 0
      ignored_reasons: {}
      signal_confidence: explicit
      last_seen: 2026-07-13
      evidence_confidence: 0.98
      last_evaluation_source: adherence-evidence
    governance:
      outcomes:
        total_tasks: 2
        with_tensions: 0
        last_execution_modes: *a1
        last_tension_count: 0
        last_updated_at: 2026-07-13T18:50:38.275Z
  migration-prefer-incremental-change-01:
    quality_signal:
      overall:
        followed: 0
        ignored: 0
        partial: 0
        unverified: 2
        follow_rate: 0
        coverage_rate: 0
        trend: stable
        recent_verdicts: []
      by_task_type:
        migration:
          followed: 0
          ignored: 0
          partial: 0
          unverified: 2
      by_task_profile:
        migration|high|cross-cutting|breaking-allowed:
          followed: 0
          ignored: 0
          partial: 0
          unverified: 2
      ignored_reasons: {}
      signal_confidence: explicit
      last_seen: 2026-07-13
      last_evaluation_source: adherence-evidence
    governance:
      outcomes:
        total_tasks: 2
        with_tensions: 0
        last_execution_modes: *a1
        last_tension_count: 0
        last_updated_at: 2026-07-13T18:50:38.275Z
  migration-control-compatibility-01:
    quality_signal:
      overall:
        followed: 2
        ignored: 0
        partial: 0
        unverified: 0
        follow_rate: 1
        coverage_rate: 1
        trend: stable
        recent_verdicts:
          - followed
          - followed
      by_task_type:
        migration:
          followed: 2
          ignored: 0
          partial: 0
          unverified: 0
      by_task_profile:
        migration|high|cross-cutting|breaking-allowed:
          followed: 2
          ignored: 0
          partial: 0
          unverified: 0
      ignored_reasons: {}
      signal_confidence: explicit
      last_seen: 2026-07-13
      evidence_confidence: 0.98
      last_evaluation_source: adherence-evidence
    governance:
      outcomes:
        total_tasks: 2
        with_tensions: 0
        last_execution_modes: *a1
        last_tension_count: 0
        last_updated_at: 2026-07-13T18:50:38.275Z
  migration-temporary-structures-intentional-01:
    quality_signal:
      overall:
        followed: 0
        ignored: 0
        partial: 0
        unverified: 2
        follow_rate: 0
        coverage_rate: 0
        trend: stable
        recent_verdicts: []
      by_task_type:
        migration:
          followed: 0
          ignored: 0
          partial: 0
          unverified: 2
      by_task_profile:
        migration|high|cross-cutting|breaking-allowed:
          followed: 0
          ignored: 0
          partial: 0
          unverified: 2
      ignored_reasons: {}
      signal_confidence: explicit
      last_seen: 2026-07-13
      last_evaluation_source: adherence-evidence
    governance:
      outcomes:
        total_tasks: 2
        with_tensions: 0
        last_execution_modes: *a1
        last_tension_count: 0
        last_updated_at: 2026-07-13T18:50:38.275Z
  migration-preserve-repository-coherence-01:
    quality_signal:
      overall:
        followed: 0
        ignored: 0
        partial: 0
        unverified: 2
        follow_rate: 0
        coverage_rate: 0
        trend: stable
        recent_verdicts: []
      by_task_type:
        migration:
          followed: 0
          ignored: 0
          partial: 0
          unverified: 2
      by_task_profile:
        migration|high|cross-cutting|breaking-allowed:
          followed: 0
          ignored: 0
          partial: 0
          unverified: 2
      ignored_reasons: {}
      signal_confidence: explicit
      last_seen: 2026-07-13
      last_evaluation_source: adherence-evidence
    governance:
      outcomes:
        total_tasks: 2
        with_tensions: 0
        last_execution_modes: *a1
        last_tension_count: 0
        last_updated_at: 2026-07-13T18:50:38.275Z
  migration-keep-verifiable-01:
    quality_signal:
      overall:
        followed: 2
        ignored: 0
        partial: 0
        unverified: 0
        follow_rate: 1
        coverage_rate: 1
        trend: stable
        recent_verdicts:
          - followed
          - followed
      by_task_type:
        migration:
          followed: 2
          ignored: 0
          partial: 0
          unverified: 0
      by_task_profile:
        migration|high|cross-cutting|breaking-allowed:
          followed: 2
          ignored: 0
          partial: 0
          unverified: 0
      ignored_reasons: {}
      signal_confidence: explicit
      last_seen: 2026-07-13
      evidence_confidence: 0.95
      last_evaluation_source: adherence-evidence
    governance:
      outcomes:
        total_tasks: 2
        with_tensions: 0
        last_execution_modes: *a1
        last_tension_count: 0
        last_updated_at: 2026-07-13T18:50:38.275Z
  migration-separate-from-redesign-01:
    quality_signal:
      overall:
        followed: 0
        ignored: 0
        partial: 0
        unverified: 2
        follow_rate: 0
        coverage_rate: 0
        trend: stable
        recent_verdicts: []
      by_task_type:
        migration:
          followed: 0
          ignored: 0
          partial: 0
          unverified: 2
      by_task_profile:
        migration|high|cross-cutting|breaking-allowed:
          followed: 0
          ignored: 0
          partial: 0
          unverified: 2
      ignored_reasons: {}
      signal_confidence: explicit
      last_seen: 2026-07-13
      last_evaluation_source: adherence-evidence
    governance:
      outcomes:
        total_tasks: 2
        with_tensions: 0
        last_execution_modes: *a1
        last_tension_count: 0
        last_updated_at: 2026-07-13T18:50:38.275Z
  migration-convergent-end-state-01:
    quality_signal:
      overall:
        followed: 0
        ignored: 0
        partial: 0
        unverified: 2
        follow_rate: 0
        coverage_rate: 0
        trend: stable
        recent_verdicts: []
      by_task_type:
        migration:
          followed: 0
          ignored: 0
          partial: 0
          unverified: 2
      by_task_profile:
        migration|high|cross-cutting|breaking-allowed:
          followed: 0
          ignored: 0
          partial: 0
          unverified: 2
      ignored_reasons: {}
      signal_confidence: explicit
      last_seen: 2026-07-13
      last_evaluation_source: adherence-evidence
    governance:
      outcomes:
        total_tasks: 2
        with_tensions: 0
        last_execution_modes: *a1
        last_tension_count: 0
        last_updated_at: 2026-07-13T18:50:38.275Z
observations:
  obs-code-skill-orchestrates-runtime:
    seen_count: 1
    relation_count: 0
    active_seen_count: 1
    stale_seen_count: 0
    superseded_seen_count: 0
    last_disposition: demote-to-ambient
    last_lifecycle_status: active
    last_content_fingerprint: 2b19b7874338235ee996d1850201ffaa0f4f99ce
    last_seen: 2026-07-13T17:37:58.378Z
  obs-rccl-commit-is-authoritative-boundary:
    seen_count: 1
    relation_count: 0
    active_seen_count: 1
    stale_seen_count: 0
    superseded_seen_count: 0
    last_disposition: keep-with-reduced-confidence
    last_lifecycle_status: active
    last_content_fingerprint: 2afba2aa04af8b27b798a05edf15793fd4495cf6
    last_seen: 2026-07-13T17:37:58.378Z
  obs-rccl-consolidation-is-stably-ordered:
    seen_count: 1
    relation_count: 0
    active_seen_count: 1
    stale_seen_count: 0
    superseded_seen_count: 0
    last_disposition: keep-with-reduced-confidence
    last_lifecycle_status: active
    last_content_fingerprint: 16b24cfa128c7af39f7063ab1ac1188620606879
    last_seen: 2026-07-13T17:37:58.378Z
  obs-rccl-support-mixes-evidence-and-host-hints:
    seen_count: 1
    relation_count: 0
    active_seen_count: 1
    stale_seen_count: 0
    superseded_seen_count: 0
    last_disposition: demote-to-ambient
    last_lifecycle_status: active
    last_content_fingerprint: 5aa64325966935b0172d8948a3f74fdbb0402075
    last_seen: 2026-07-13T17:37:58.378Z
  obs-runtime-validates-host-evidence:
    seen_count: 1
    relation_count: 0
    active_seen_count: 1
    stale_seen_count: 0
    superseded_seen_count: 0
    last_disposition: keep-with-reduced-confidence
    last_lifecycle_status: active
    last_content_fingerprint: 99fe5affc4e08ef830e4c2e014c6a74a2dab2abb
    last_seen: 2026-07-13T17:37:58.378Z
  obs-rccl-public-lifecycle-only:
    seen_count: 1
    relation_count: 1
    active_seen_count: 1
    stale_seen_count: 0
    superseded_seen_count: 0
    last_disposition: keep
    last_lifecycle_status: active
    last_content_fingerprint: 8c42cee9e2c6de56187a7593e1e472ab83f95336
    last_seen: 2026-07-13T18:50:38.275Z
  obs-agent-capability-schema-closed:
    seen_count: 1
    relation_count: 0
    active_seen_count: 1
    stale_seen_count: 0
    superseded_seen_count: 0
    last_disposition: keep
    last_lifecycle_status: active
    last_content_fingerprint: bed551ae2eab1550b08cde6e408e39d211dfadb7
    last_seen: 2026-07-13T18:50:38.275Z
  obs-context-acquisition-bounded:
    seen_count: 1
    relation_count: 0
    active_seen_count: 1
    stale_seen_count: 0
    superseded_seen_count: 0
    last_disposition: keep
    last_lifecycle_status: active
    last_content_fingerprint: 21b160f34862abb8a66db4185dbff866ae63aa48
    last_seen: 2026-07-13T18:50:38.275Z
  obs-product-version-codex-manifest:
    seen_count: 1
    relation_count: 0
    active_seen_count: 1
    stale_seen_count: 0
    superseded_seen_count: 0
    last_disposition: keep
    last_lifecycle_status: active
    last_content_fingerprint: a520364dd932859acef58d208c14a08a60da0dc0
    last_seen: 2026-07-13T18:50:38.275Z
  obs-runtime-adherence-contract-identity:
    seen_count: 1
    relation_count: 0
    active_seen_count: 1
    stale_seen_count: 0
    superseded_seen_count: 0
    last_disposition: keep
    last_lifecycle_status: active
    last_content_fingerprint: d94482e4b4e5dadae3a34707d78494bf0086aa0b
    last_seen: 2026-07-13T18:50:38.275Z
tensions: {}
governance_summary:
  total_tasks: 2
  by_task_type:
    migration: 2
  by_task_profile:
    migration|high|cross-cutting|breaking-allowed: 2
  last_execution_modes: *a1
  last_tension_count: 0
  last_observation_count: 5
  last_updated_at: 2026-07-13T18:50:38.275Z
  last_host_fulfillment:
    interpretation_mode: host-agent
    completion_signal: explicit
    completion_source: adherence-evidence
    artifacts:
      agent-capability-profile:
        provided: false
        status: absent
        accepted: 0
        rejected: 0
        downgraded: 0
        unused: 0
      task-model:
        provided: true
        status: accepted
        accepted: 1
        rejected: 0
        downgraded: 0
        unused: 0
      semantic-governance-graph:
        provided: true
        status: unused
        accepted: 0
        rejected: 0
        downgraded: 0
        unused: 1
      adherence-evidence:
        provided: false
        status: absent
        accepted: 0
        rejected: 0
        downgraded: 0
        unused: 0
